
Microsoft Visual Studio Solution File, Format Version 12.00
# Visual Studio Version 16
VisualStudioVersion = 16.0.30804.86
MinimumVisualStudioVersion = 10.0.40219.1
Project("{9A19103F-16F7-4668-BE54-9A1E7A4F7556}") = "HexagonAPI", "HexagonAPI\HexagonAPI.csproj", "{FB3452DD-DBD8-48DA-88CC-FAC949DA86F9}"
EndProject
Project("{9A19103F-16F7-4668-BE54-9A1E7A4F7556}") = "HexagonGraphBLL", "HexagonGraphBLL\HexagonGraphBLL.csproj", "{9360A859-3253-418F-851F-4237ABBA6DC0}"
EndProject
Project("{9A19103F-16F7-4668-BE54-9A1E7A4F7556}") = "XUnitTestXGraph", "XUnitTestXGraph\XUnitTestXGraph.csproj", "{7B89BCDA-897D-4001-9C95-FC3FF706CF2A}"
EndProject
Project("{2150E333-8FDC-42A3-9474-1A3956D46DE8}") = "Solution Items", "Solution Items", "{681B7E4E-9237-41C9-8B7C-15BA075507CE}"
	ProjectSection(SolutionItems) = preProject
		DockerBuild.ps1 = DockerBuild.ps1
		DockerDeploy.ps1 = DockerDeploy.ps1
		Dockerfile = Dockerfile
	EndProjectSection
EndProject
Global
	GlobalSection(SolutionConfigurationPlatforms) = preSolution
		Debug|Any CPU = Debug|Any CPU
		Release|Any CPU = Release|Any CPU
	EndGlobalSection
	GlobalSection(ProjectConfigurationPlatforms) = postSolution
		{FB3452DD-DBD8-48DA-88CC-FAC949DA86F9}.Debug|Any CPU.ActiveCfg = Debug|Any CPU
		{FB3452DD-DBD8-48DA-88CC-FAC949DA86F9}.Debug|Any CPU.Build.0 = Debug|Any CPU
		{FB3452DD-DBD8-48DA-88CC-FAC949DA86F9}.Release|Any CPU.ActiveCfg = Release|Any CPU
		{FB3452DD-DBD8-48DA-88CC-FAC949DA86F9}.Release|Any CPU.Build.0 = Release|Any CPU
		{9360A859-3253-418F-851F-4237ABBA6DC0}.Debug|Any CPU.ActiveCfg = Debug|Any CPU
		{9360A859-3253-418F-851F-4237ABBA6DC0}.Debug|Any CPU.Build.0 = Debug|Any CPU
		{9360A859-3253-418F-851F-4237ABBA6DC0}.Release|Any CPU.ActiveCfg = Release|Any CPU
		{9360A859-3253-418F-851F-4237ABBA6DC0}.Release|Any CPU.Build.0 = Release|Any CPU
		{7B89BCDA-897D-4001-9C95-FC3FF706CF2A}.Debug|Any CPU.ActiveCfg = Debug|Any CPU
		{7B89BCDA-897D-4001-9C95-FC3FF706CF2A}.Debug|Any CPU.Build.0 = Debug|Any CPU
		{7B89BCDA-897D-4001-9C95-FC3FF706CF2A}.Release|Any CPU.ActiveCfg = Release|Any CPU
		{7B89BCDA-897D-4001-9C95-FC3FF706CF2A}.Release|Any CPU.Build.0 = Release|Any CPU
	EndGlobalSection
	GlobalSection(SolutionProperties) = preSolution
		HideSolutionNode = FALSE
	EndGlobalSection
	GlobalSection(ExtensibilityGlobals) = postSolution
		SolutionGuid = {CC8A9CFD-79D5-4D72-9943-770005DBE7AF}
	EndGlobalSection
EndGlobal
